
Microsoft Visual Studio Solution File, Format Version 12.00
# Visual Studio 15
VisualStudioVersion = 15.0.27130.2027
MinimumVisualStudioVersion = 10.0.40219.1
Project("{FAE04EC0-301F-11D3-BF4B-00C04F79EFBC}") = "LabEye", "LabEye\LabEye.csproj", "{D662795E-0FB2-4C19-8B0F-2B08B7B0515A}"
EndProject
Project("{FAE04EC0-301F-11D3-BF4B-00C04F79EFBC}") = "Agent", "Agent\Agent.csproj", "{354FB5EF-9C32-4CDB-8EC4-91AA7D93D93E}"
EndProject
Project("{FAE04EC0-301F-11D3-BF4B-00C04F79EFBC}") = "Administrator", "Administrator\Administrator.csproj", "{77005D90-009D-4E99-8280-E114CC7D498C}"
EndProject
Project("{FAE04EC0-301F-11D3-BF4B-00C04F79EFBC}") = "LabEyeDB", "..\..\..\..\source\repos\LabEyeDB\LabEyeDB\LabEyeDB.csproj", "{F34E4398-783E-4BCF-A729-310332073607}"
EndProject
Global
	GlobalSection(SolutionConfigurationPlatforms) = preSolution
		Debug|Any CPU = Debug|Any CPU
		Release|Any CPU = Release|Any CPU
	EndGlobalSection
	GlobalSection(ProjectConfigurationPlatforms) = postSolution
		{D662795E-0FB2-4C19-8B0F-2B08B7B0515A}.Debug|Any CPU.ActiveCfg = Debug|Any CPU
		{D662795E-0FB2-4C19-8B0F-2B08B7B0515A}.Debug|Any CPU.Build.0 = Debug|Any CPU
		{D662795E-0FB2-4C19-8B0F-2B08B7B0515A}.Release|Any CPU.ActiveCfg = Release|Any CPU
		{D662795E-0FB2-4C19-8B0F-2B08B7B0515A}.Release|Any CPU.Build.0 = Release|Any CPU
		{354FB5EF-9C32-4CDB-8EC4-91AA7D93D93E}.Debug|Any CPU.ActiveCfg = Debug|Any CPU
		{354FB5EF-9C32-4CDB-8EC4-91AA7D93D93E}.Debug|Any CPU.Build.0 = Debug|Any CPU
		{354FB5EF-9C32-4CDB-8EC4-91AA7D93D93E}.Release|Any CPU.ActiveCfg = Release|Any CPU
		{354FB5EF-9C32-4CDB-8EC4-91AA7D93D93E}.Release|Any CPU.Build.0 = Release|Any CPU
		{77005D90-009D-4E99-8280-E114CC7D498C}.Debug|Any CPU.ActiveCfg = Debug|Any CPU
		{77005D90-009D-4E99-8280-E114CC7D498C}.Debug|Any CPU.Build.0 = Debug|Any CPU
		{77005D90-009D-4E99-8280-E114CC7D498C}.Release|Any CPU.ActiveCfg = Release|Any CPU
		{77005D90-009D-4E99-8280-E114CC7D498C}.Release|Any CPU.Build.0 = Release|Any CPU
		{F34E4398-783E-4BCF-A729-310332073607}.Debug|Any CPU.ActiveCfg = Debug|Any CPU
		{F34E4398-783E-4BCF-A729-310332073607}.Debug|Any CPU.Build.0 = Debug|Any CPU
		{F34E4398-783E-4BCF-A729-310332073607}.Release|Any CPU.ActiveCfg = Release|Any CPU
		{F34E4398-783E-4BCF-A729-310332073607}.Release|Any CPU.Build.0 = Release|Any CPU
	EndGlobalSection
	GlobalSection(SolutionProperties) = preSolution
		HideSolutionNode = FALSE
	EndGlobalSection
	GlobalSection(ExtensibilityGlobals) = postSolution
		SolutionGuid = {28260CC0-CEAE-4B3F-A542-9D50A0877AAE}
	EndGlobalSection
EndGlobal
